
Microsoft Visual Studio Solution File, Format Version 12.00
# Visual Studio Version 17
VisualStudioVersion = 17.7.34031.279
MinimumVisualStudioVersion = 10.0.40219.1
Project("{9A19103F-16F7-4668-BE54-9A1E7A4F7556}") = "ApiCadastro", "ApiCadastro\ApiCadastro.csproj", "{ECE73F9A-EEC7-4E1E-B211-DCCF76E78BCF}"
EndProject
Project("{9A19103F-16F7-4668-BE54-9A1E7A4F7556}") = "Cadastro.Domain", "Cadastro.Domain\Cadastro.Domain.csproj", "{9BB8014C-6177-49EA-819D-36B1785DE97C}"
EndProject
Project("{9A19103F-16F7-4668-BE54-9A1E7A4F7556}") = "Cadastro.Repository", "Cadastro.Repository\Cadastro.Repository.csproj", "{0E77C54E-0A59-4D8C-AB74-CEA76C198FD2}"
EndProject
Project("{FAE04EC0-301F-11D3-BF4B-00C04F79EFBC}") = "Cadastro.Core", "Cadasatro.Core\Cadastro.Core.csproj", "{0A05E13B-C568-43C6-9F4D-81C7E46218A2}"
EndProject
Global
	GlobalSection(SolutionConfigurationPlatforms) = preSolution
		Debug|Any CPU = Debug|Any CPU
		Release|Any CPU = Release|Any CPU
	EndGlobalSection
	GlobalSection(ProjectConfigurationPlatforms) = postSolution
		{ECE73F9A-EEC7-4E1E-B211-DCCF76E78BCF}.Debug|Any CPU.ActiveCfg = Debug|Any CPU
		{ECE73F9A-EEC7-4E1E-B211-DCCF76E78BCF}.Debug|Any CPU.Build.0 = Debug|Any CPU
		{ECE73F9A-EEC7-4E1E-B211-DCCF76E78BCF}.Release|Any CPU.ActiveCfg = Release|Any CPU
		{ECE73F9A-EEC7-4E1E-B211-DCCF76E78BCF}.Release|Any CPU.Build.0 = Release|Any CPU
		{9BB8014C-6177-49EA-819D-36B1785DE97C}.Debug|Any CPU.ActiveCfg = Debug|Any CPU
		{9BB8014C-6177-49EA-819D-36B1785DE97C}.Debug|Any CPU.Build.0 = Debug|Any CPU
		{9BB8014C-6177-49EA-819D-36B1785DE97C}.Release|Any CPU.ActiveCfg = Release|Any CPU
		{9BB8014C-6177-49EA-819D-36B1785DE97C}.Release|Any CPU.Build.0 = Release|Any CPU
		{0E77C54E-0A59-4D8C-AB74-CEA76C198FD2}.Debug|Any CPU.ActiveCfg = Debug|Any CPU
		{0E77C54E-0A59-4D8C-AB74-CEA76C198FD2}.Debug|Any CPU.Build.0 = Debug|Any CPU
		{0E77C54E-0A59-4D8C-AB74-CEA76C198FD2}.Release|Any CPU.ActiveCfg = Release|Any CPU
		{0E77C54E-0A59-4D8C-AB74-CEA76C198FD2}.Release|Any CPU.Build.0 = Release|Any CPU
		{0A05E13B-C568-43C6-9F4D-81C7E46218A2}.Debug|Any CPU.ActiveCfg = Debug|Any CPU
		{0A05E13B-C568-43C6-9F4D-81C7E46218A2}.Debug|Any CPU.Build.0 = Debug|Any CPU
		{0A05E13B-C568-43C6-9F4D-81C7E46218A2}.Release|Any CPU.ActiveCfg = Release|Any CPU
		{0A05E13B-C568-43C6-9F4D-81C7E46218A2}.Release|Any CPU.Build.0 = Release|Any CPU
	EndGlobalSection
	GlobalSection(SolutionProperties) = preSolution
		HideSolutionNode = FALSE
	EndGlobalSection
	GlobalSection(ExtensibilityGlobals) = postSolution
		SolutionGuid = {B362E155-C6C7-458D-88E7-315CBC61A3F1}
	EndGlobalSection
EndGlobal
